// !$*UTF8*$!
{
	archiveVersion = 1;
	classes = {
	};
	objectVersion = 56;
	objects = {

/* Begin PBXBuildFile section */
		0A469F5A2ACE001000BA00AB /* Preview Assets.xcassets in Resources */ = {isa = PBXBuildFile; fileRef = 0A469F592ACE001000BA00AB /* Preview Assets.xcassets */; };
		0A8BBE682AC83B1D00E30632 /* ServiceLocator.swift in Sources */ = {isa = PBXBuildFile; fileRef = 0A8BBE672AC83B1D00E30632 /* ServiceLocator.swift */; };
		0A8BBE6B2AC83CBE00E30632 /* IServiceLocator.swift in Sources */ = {isa = PBXBuildFile; fileRef = 0A8BBE6A2AC83CBE00E30632 /* IServiceLocator.swift */; };
		0A8BBE6D2AC83DA400E30632 /* Configurator.swift in Sources */ = {isa = PBXBuildFile; fileRef = 0A8BBE6C2AC83DA400E30632 /* Configurator.swift */; };
		0A8BBE6F2AC84E5D00E30632 /* Injected.swift in Sources */ = {isa = PBXBuildFile; fileRef = 0A8BBE6E2AC84E5D00E30632 /* Injected.swift */; };
		0A8BBE722AC850E400E30632 /* LaureateService.swift in Sources */ = {isa = PBXBuildFile; fileRef = 0A8BBE712AC850E400E30632 /* LaureateService.swift */; };
		0A9A88062AC1A8B000CD3D3C /* LoadingModifier.swift in Sources */ = {isa = PBXBuildFile; fileRef = 0A9A88052AC1A8B000CD3D3C /* LoadingModifier.swift */; };
		0A9A880B2AC1CC5600CD3D3C /* LaureateDataSource.swift in Sources */ = {isa = PBXBuildFile; fileRef = 0A9A880A2AC1CC5600CD3D3C /* LaureateDataSource.swift */; };
		0A9A880D2AC1CCFC00CD3D3C /* RandomAccessCollection+Identifieble.swift in Sources */ = {isa = PBXBuildFile; fileRef = 0A9A880C2AC1CCFC00CD3D3C /* RandomAccessCollection+Identifieble.swift */; };
		0AA7327E2ACDAE52000A9A1F /* ComposableArchitecture in Frameworks */ = {isa = PBXBuildFile; productRef = 0AA7327D2ACDAE52000A9A1F /* ComposableArchitecture */; };
		0AD9CC6F2ACDFCEE00CE5314 /* UILib in Frameworks */ = {isa = PBXBuildFile; productRef = 0AD9CC6E2ACDFCEE00CE5314 /* UILib */; };
		0ADA08C02ACE0ABD002E26A5 /* DetailReducer.swift in Sources */ = {isa = PBXBuildFile; fileRef = 0ADA08BC2ACE0ABD002E26A5 /* DetailReducer.swift */; };
		0ADA08C12ACE0ABD002E26A5 /* DetailState.swift in Sources */ = {isa = PBXBuildFile; fileRef = 0ADA08BD2ACE0ABD002E26A5 /* DetailState.swift */; };
		0ADA08C22ACE0ABD002E26A5 /* DetailEnvironment.swift in Sources */ = {isa = PBXBuildFile; fileRef = 0ADA08BE2ACE0ABD002E26A5 /* DetailEnvironment.swift */; };
		0ADA08C32ACE0ABD002E26A5 /* DetailAction.swift in Sources */ = {isa = PBXBuildFile; fileRef = 0ADA08BF2ACE0ABD002E26A5 /* DetailAction.swift */; };
		0AF9B1152ABC34E8002F7F9F /* HW2App.swift in Sources */ = {isa = PBXBuildFile; fileRef = 0AF9B1142ABC34E8002F7F9F /* HW2App.swift */; };
		0AF9B1172ABC34E8002F7F9F /* MainView.swift in Sources */ = {isa = PBXBuildFile; fileRef = 0AF9B1162ABC34E8002F7F9F /* MainView.swift */; };
		0AF9B1192ABC34EB002F7F9F /* Assets.xcassets in Resources */ = {isa = PBXBuildFile; fileRef = 0AF9B1182ABC34EB002F7F9F /* Assets.xcassets */; };
		0AF9B1252ABC3BFA002F7F9F /* MyListView.swift in Sources */ = {isa = PBXBuildFile; fileRef = 0AF9B1242ABC3BFA002F7F9F /* MyListView.swift */; };
		0AF9B1282ABC49C9002F7F9F /* NavigationStack.swift in Sources */ = {isa = PBXBuildFile; fileRef = 0AF9B1272ABC49C9002F7F9F /* NavigationStack.swift */; };
		0AF9B12A2ABC4C00002F7F9F /* NavigationStackViewModel.swift in Sources */ = {isa = PBXBuildFile; fileRef = 0AF9B1292ABC4C00002F7F9F /* NavigationStackViewModel.swift */; };
		0AF9B12C2ABC5FE0002F7F9F /* ScreenStack.swift in Sources */ = {isa = PBXBuildFile; fileRef = 0AF9B12B2ABC5FE0002F7F9F /* ScreenStack.swift */; };
		0AF9B12E2ABC6008002F7F9F /* NavigationItems.swift in Sources */ = {isa = PBXBuildFile; fileRef = 0AF9B12D2ABC6008002F7F9F /* NavigationItems.swift */; };
		0AF9B1302ABC6B52002F7F9F /* SecondView.swift in Sources */ = {isa = PBXBuildFile; fileRef = 0AF9B12F2ABC6B52002F7F9F /* SecondView.swift */; };
		0AF9B1322ABD0D5D002F7F9F /* MainViewModel.swift in Sources */ = {isa = PBXBuildFile; fileRef = 0AF9B1312ABD0D5D002F7F9F /* MainViewModel.swift */; };
		0AF9B1342ABD1D3A002F7F9F /* ThirdView.swift in Sources */ = {isa = PBXBuildFile; fileRef = 0AF9B1332ABD1D3A002F7F9F /* ThirdView.swift */; };
		0AF9B1362ABD24B2002F7F9F /* PickerView.swift in Sources */ = {isa = PBXBuildFile; fileRef = 0AF9B1352ABD24B2002F7F9F /* PickerView.swift */; };
		0AF9B1382ABD3043002F7F9F /* Enums.swift in Sources */ = {isa = PBXBuildFile; fileRef = 0AF9B1372ABD3043002F7F9F /* Enums.swift */; };
		0AF9B13B2ABD4B3D002F7F9F /* CustomRow.swift in Sources */ = {isa = PBXBuildFile; fileRef = 0AF9B13A2ABD4B3D002F7F9F /* CustomRow.swift */; };
		0AF9B13F2ABEC000002F7F9F /* NewsApiNetworking in Frameworks */ = {isa = PBXBuildFile; productRef = 0AF9B13E2ABEC000002F7F9F /* NewsApiNetworking */; };
/* End PBXBuildFile section */

/* Begin PBXFileReference section */
		0A469F592ACE001000BA00AB /* Preview Assets.xcassets */ = {isa = PBXFileReference; lastKnownFileType = folder.assetcatalog; path = "Preview Assets.xcassets"; sourceTree = "<group>"; };
		0A8BBE672AC83B1D00E30632 /* ServiceLocator.swift */ = {isa = PBXFileReference; lastKnownFileType = sourcecode.swift; path = ServiceLocator.swift; sourceTree = "<group>"; };
		0A8BBE6A2AC83CBE00E30632 /* IServiceLocator.swift */ = {isa = PBXFileReference; lastKnownFileType = sourcecode.swift; path = IServiceLocator.swift; sourceTree = "<group>"; };
		0A8BBE6C2AC83DA400E30632 /* Configurator.swift */ = {isa = PBXFileReference; lastKnownFileType = sourcecode.swift; path = Configurator.swift; sourceTree = "<group>"; };
		0A8BBE6E2AC84E5D00E30632 /* Injected.swift */ = {isa = PBXFileReference; lastKnownFileType = sourcecode.swift; path = Injected.swift; sourceTree = "<group>"; };
		0A8BBE712AC850E400E30632 /* LaureateService.swift */ = {isa = PBXFileReference; lastKnownFileType = sourcecode.swift; path = LaureateService.swift; sourceTree = "<group>"; };
		0A9A88052AC1A8B000CD3D3C /* LoadingModifier.swift */ = {isa = PBXFileReference; lastKnownFileType = sourcecode.swift; path = LoadingModifier.swift; sourceTree = "<group>"; };
		0A9A880A2AC1CC5600CD3D3C /* LaureateDataSource.swift */ = {isa = PBXFileReference; lastKnownFileType = sourcecode.swift; path = LaureateDataSource.swift; sourceTree = "<group>"; };
		0A9A880C2AC1CCFC00CD3D3C /* RandomAccessCollection+Identifieble.swift */ = {isa = PBXFileReference; lastKnownFileType = sourcecode.swift; path = "RandomAccessCollection+Identifieble.swift"; sourceTree = "<group>"; };
		0AD9CC6D2ACDF82300CE5314 /* UILib */ = {isa = PBXFileReference; lastKnownFileType = text; path = UILib; sourceTree = SOURCE_ROOT; };
		0ADA08BC2ACE0ABD002E26A5 /* DetailReducer.swift */ = {isa = PBXFileReference; fileEncoding = 4; lastKnownFileType = sourcecode.swift; path = DetailReducer.swift; sourceTree = "<group>"; };
		0ADA08BD2ACE0ABD002E26A5 /* DetailState.swift */ = {isa = PBXFileReference; fileEncoding = 4; lastKnownFileType = sourcecode.swift; path = DetailState.swift; sourceTree = "<group>"; };
		0ADA08BE2ACE0ABD002E26A5 /* DetailEnvironment.swift */ = {isa = PBXFileReference; fileEncoding = 4; lastKnownFileType = sourcecode.swift; path = DetailEnvironment.swift; sourceTree = "<group>"; };
		0ADA08BF2ACE0ABD002E26A5 /* DetailAction.swift */ = {isa = PBXFileReference; fileEncoding = 4; lastKnownFileType = sourcecode.swift; path = DetailAction.swift; sourceTree = "<group>"; };
		0AF9B1112ABC34E8002F7F9F /* HW2.app */ = {isa = PBXFileReference; explicitFileType = wrapper.application; includeInIndex = 0; path = HW2.app; sourceTree = BUILT_PRODUCTS_DIR; };
		0AF9B1142ABC34E8002F7F9F /* HW2App.swift */ = {isa = PBXFileReference; lastKnownFileType = sourcecode.swift; path = HW2App.swift; sourceTree = "<group>"; };
		0AF9B1162ABC34E8002F7F9F /* MainView.swift */ = {isa = PBXFileReference; lastKnownFileType = sourcecode.swift; path = MainView.swift; sourceTree = "<group>"; };
		0AF9B1182ABC34EB002F7F9F /* Assets.xcassets */ = {isa = PBXFileReference; lastKnownFileType = folder.assetcatalog; path = Assets.xcassets; sourceTree = "<group>"; };
		0AF9B1242ABC3BFA002F7F9F /* MyListView.swift */ = {isa = PBXFileReference; lastKnownFileType = sourcecode.swift; path = MyListView.swift; sourceTree = "<group>"; };
		0AF9B1272ABC49C9002F7F9F /* NavigationStack.swift */ = {isa = PBXFileReference; lastKnownFileType = sourcecode.swift; path = NavigationStack.swift; sourceTree = "<group>"; };
		0AF9B1292ABC4C00002F7F9F /* NavigationStackViewModel.swift */ = {isa = PBXFileReference; lastKnownFileType = sourcecode.swift; path = NavigationStackViewModel.swift; sourceTree = "<group>"; };
		0AF9B12B2ABC5FE0002F7F9F /* ScreenStack.swift */ = {isa = PBXFileReference; lastKnownFileType = sourcecode.swift; path = ScreenStack.swift; sourceTree = "<group>"; };
		0AF9B12D2ABC6008002F7F9F /* NavigationItems.swift */ = {isa = PBXFileReference; lastKnownFileType = sourcecode.swift; path = NavigationItems.swift; sourceTree = "<group>"; };
		0AF9B12F2ABC6B52002F7F9F /* SecondView.swift */ = {isa = PBXFileReference; lastKnownFileType = sourcecode.swift; path = SecondView.swift; sourceTree = "<group>"; };
		0AF9B1312ABD0D5D002F7F9F /* MainViewModel.swift */ = {isa = PBXFileReference; lastKnownFileType = sourcecode.swift; path = MainViewModel.swift; sourceTree = "<group>"; };
		0AF9B1332ABD1D3A002F7F9F /* ThirdView.swift */ = {isa = PBXFileReference; lastKnownFileType = sourcecode.swift; path = ThirdView.swift; sourceTree = "<group>"; };
		0AF9B1352ABD24B2002F7F9F /* PickerView.swift */ = {isa = PBXFileReference; lastKnownFileType = sourcecode.swift; path = PickerView.swift; sourceTree = "<group>"; };
		0AF9B1372ABD3043002F7F9F /* Enums.swift */ = {isa = PBXFileReference; lastKnownFileType = sourcecode.swift; path = Enums.swift; sourceTree = "<group>"; };
		0AF9B13A2ABD4B3D002F7F9F /* CustomRow.swift */ = {isa = PBXFileReference; lastKnownFileType = sourcecode.swift; path = CustomRow.swift; sourceTree = "<group>"; };
		0AF9B13C2ABEBF8D002F7F9F /* NewsApiNetworking */ = {isa = PBXFileReference; lastKnownFileType = text; name = NewsApiNetworking; path = Modules/NewsApiNetworking; sourceTree = SOURCE_ROOT; };
		0AF9B1432ABF0039002F7F9F /* Info.plist */ = {isa = PBXFileReference; fileEncoding = 4; lastKnownFileType = text.plist.xml; path = Info.plist; sourceTree = "<group>"; };
/* End PBXFileReference section */

/* Begin PBXFrameworksBuildPhase section */
		0AF9B10E2ABC34E8002F7F9F /* Frameworks */ = {
			isa = PBXFrameworksBuildPhase;
			buildActionMask = 2147483647;
			files = (
				0AD9CC6F2ACDFCEE00CE5314 /* UILib in Frameworks */,
				0AA7327E2ACDAE52000A9A1F /* ComposableArchitecture in Frameworks */,
				0AF9B13F2ABEC000002F7F9F /* NewsApiNetworking in Frameworks */,
			);
			runOnlyForDeploymentPostprocessing = 0;
		};
/* End PBXFrameworksBuildPhase section */

/* Begin PBXGroup section */
		0A469F532ACDFE3500BA00AB /* Sources */ = {
			isa = PBXGroup;
			children = (
				0AF9B1432ABF0039002F7F9F /* Info.plist */,
				0A469F582ACE001000BA00AB /* Preview Content */,
				0AF9B1182ABC34EB002F7F9F /* Assets.xcassets */,
			);
			path = Sources;
			sourceTree = "<group>";
		};
		0A469F582ACE001000BA00AB /* Preview Content */ = {
			isa = PBXGroup;
			children = (
				0A469F592ACE001000BA00AB /* Preview Assets.xcassets */,
			);
			path = "Preview Content";
			sourceTree = "<group>";
		};
		0A469F5B2ACE019700BA00AB /* ServiceModule */ = {
			isa = PBXGroup;
			children = (
				0A8BBE702AC850A900E30632 /* Services */,
				0A8BBE662AC83AEE00E30632 /* ServiceLocator */,
			);
			path = ServiceModule;
			sourceTree = "<group>";
		};
		0A8BBE662AC83AEE00E30632 /* ServiceLocator */ = {
			isa = PBXGroup;
			children = (
				0A8BBE692AC83CA300E30632 /* Protocols */,
				0A8BBE672AC83B1D00E30632 /* ServiceLocator.swift */,
				0A8BBE6C2AC83DA400E30632 /* Configurator.swift */,
				0A8BBE6E2AC84E5D00E30632 /* Injected.swift */,
			);
			path = ServiceLocator;
			sourceTree = "<group>";
		};
		0A8BBE692AC83CA300E30632 /* Protocols */ = {
			isa = PBXGroup;
			children = (
				0A8BBE6A2AC83CBE00E30632 /* IServiceLocator.swift */,
			);
			path = Protocols;
			sourceTree = "<group>";
		};
		0A8BBE702AC850A900E30632 /* Services */ = {
			isa = PBXGroup;
			children = (
				0A8BBE712AC850E400E30632 /* LaureateService.swift */,
			);
			path = Services;
			sourceTree = "<group>";
		};
		0A9A88072AC1C79200CD3D3C /* List */ = {
			isa = PBXGroup;
			children = (
				0AF9B1242ABC3BFA002F7F9F /* MyListView.swift */,
				0AF9B13A2ABD4B3D002F7F9F /* CustomRow.swift */,
			);
			path = List;
			sourceTree = "<group>";
		};
		0A9A88082AC1C7A400CD3D3C /* Enums */ = {
			isa = PBXGroup;
			children = (
				0AF9B1372ABD3043002F7F9F /* Enums.swift */,
			);
			path = Enums;
			sourceTree = "<group>";
		};
		0A9A88092AC1CBED00CD3D3C /* Modifiers */ = {
			isa = PBXGroup;
			children = (
				0A9A88052AC1A8B000CD3D3C /* LoadingModifier.swift */,
			);
			path = Modifiers;
			sourceTree = "<group>";
		};
		0A9A880E2AC1CD1700CD3D3C /* Extensions */ = {
			isa = PBXGroup;
			children = (
				0A9A880C2AC1CCFC00CD3D3C /* RandomAccessCollection+Identifieble.swift */,
			);
			path = Extensions;
			sourceTree = "<group>";
		};
		0AA732912ACDECC9000A9A1F /* Model */ = {
			isa = PBXGroup;
			children = (
				0A9A880A2AC1CC5600CD3D3C /* LaureateDataSource.swift */,
			);
			path = Model;
			sourceTree = "<group>";
		};
		0AA732922ACDECD6000A9A1F /* Views */ = {
			isa = PBXGroup;
			children = (
				0A9A88072AC1C79200CD3D3C /* List */,
				0AF9B1162ABC34E8002F7F9F /* MainView.swift */,
				0AF9B1352ABD24B2002F7F9F /* PickerView.swift */,
			);
			path = Views;
			sourceTree = "<group>";
		};
		0AA732932ACDECDE000A9A1F /* ViewModel */ = {
			isa = PBXGroup;
			children = (
				0AF9B1312ABD0D5D002F7F9F /* MainViewModel.swift */,
			);
			path = ViewModel;
			sourceTree = "<group>";
		};
		0AA732942ACDED02000A9A1F /* SecondModule */ = {
			isa = PBXGroup;
			children = (
				0AA732972ACDED49000A9A1F /* View */,
			);
			path = SecondModule;
			sourceTree = "<group>";
		};
		0AA732952ACDED0A000A9A1F /* ThirdModule */ = {
			isa = PBXGroup;
			children = (
				0AA732962ACDED43000A9A1F /* View */,
			);
			path = ThirdModule;
			sourceTree = "<group>";
		};
		0AA732962ACDED43000A9A1F /* View */ = {
			isa = PBXGroup;
			children = (
				0AF9B1332ABD1D3A002F7F9F /* ThirdView.swift */,
			);
			path = View;
			sourceTree = "<group>";
		};
		0AA732972ACDED49000A9A1F /* View */ = {
			isa = PBXGroup;
			children = (
				0AF9B12F2ABC6B52002F7F9F /* SecondView.swift */,
			);
			path = View;
			sourceTree = "<group>";
		};
		0AA732982ACDED65000A9A1F /* Modules */ = {
			isa = PBXGroup;
			children = (
				0AF9B1392ABD305A002F7F9F /* MainModule */,
				0AA732942ACDED02000A9A1F /* SecondModule */,
				0AA732952ACDED0A000A9A1F /* ThirdModule */,
			);
			path = Modules;
			sourceTree = "<group>";
		};
		0ADA08BB2ACE0ABD002E26A5 /* Flux */ = {
			isa = PBXGroup;
			children = (
				0ADA08BC2ACE0ABD002E26A5 /* DetailReducer.swift */,
				0ADA08BD2ACE0ABD002E26A5 /* DetailState.swift */,
				0ADA08BE2ACE0ABD002E26A5 /* DetailEnvironment.swift */,
				0ADA08BF2ACE0ABD002E26A5 /* DetailAction.swift */,
			);
			path = Flux;
			sourceTree = "<group>";
		};
		0AF9B1082ABC34E8002F7F9F = {
			isa = PBXGroup;
			children = (
				0AF9B1132ABC34E8002F7F9F /* HW2 */,
				0AF9B1122ABC34E8002F7F9F /* Products */,
				0AF9B13D2ABEC000002F7F9F /* Frameworks */,
			);
			sourceTree = "<group>";
		};
		0AF9B1122ABC34E8002F7F9F /* Products */ = {
			isa = PBXGroup;
			children = (
				0AF9B1112ABC34E8002F7F9F /* HW2.app */,
			);
			name = Products;
			sourceTree = "<group>";
		};
		0AF9B1132ABC34E8002F7F9F /* HW2 */ = {
			isa = PBXGroup;
			children = (
				0AD9CC6D2ACDF82300CE5314 /* UILib */,
				0AF9B13C2ABEBF8D002F7F9F /* NewsApiNetworking */,
				0AF9B1262ABC4984002F7F9F /* NavigationStack */,
				0AF9B1142ABC34E8002F7F9F /* HW2App.swift */,
				0ADA08BB2ACE0ABD002E26A5 /* Flux */,
				0AA732982ACDED65000A9A1F /* Modules */,
				0A469F5B2ACE019700BA00AB /* ServiceModule */,
				0A9A88092AC1CBED00CD3D3C /* Modifiers */,
				0A9A88082AC1C7A400CD3D3C /* Enums */,
				0A9A880E2AC1CD1700CD3D3C /* Extensions */,
				0A469F532ACDFE3500BA00AB /* Sources */,
			);
			path = HW2;
			sourceTree = "<group>";
		};
		0AF9B1262ABC4984002F7F9F /* NavigationStack */ = {
			isa = PBXGroup;
			children = (
				0AF9B1272ABC49C9002F7F9F /* NavigationStack.swift */,
				0AF9B1292ABC4C00002F7F9F /* NavigationStackViewModel.swift */,
				0AF9B12B2ABC5FE0002F7F9F /* ScreenStack.swift */,
				0AF9B12D2ABC6008002F7F9F /* NavigationItems.swift */,
			);
			path = NavigationStack;
			sourceTree = "<group>";
		};
		0AF9B1392ABD305A002F7F9F /* MainModule */ = {
			isa = PBXGroup;
			children = (
				0AA732922ACDECD6000A9A1F /* Views */,
				0AA732932ACDECDE000A9A1F /* ViewModel */,
				0AA732912ACDECC9000A9A1F /* Model */,
			);
			path = MainModule;
			sourceTree = "<group>";
		};
		0AF9B13D2ABEC000002F7F9F /* Frameworks */ = {
			isa = PBXGroup;
			children = (
			);
			name = Frameworks;
			sourceTree = "<group>";
		};
/* End PBXGroup section */

/* Begin PBXNativeTarget section */
		0AF9B1102ABC34E8002F7F9F /* HW2 */ = {
			isa = PBXNativeTarget;
			buildConfigurationList = 0AF9B11F2ABC34EB002F7F9F /* Build configuration list for PBXNativeTarget "HW2" */;
			buildPhases = (
				0AF9B10D2ABC34E8002F7F9F /* Sources */,
				0AF9B10E2ABC34E8002F7F9F /* Frameworks */,
				0AF9B10F2ABC34E8002F7F9F /* Resources */,
			);
			buildRules = (
			);
			dependencies = (
			);
			name = HW2;
			packageProductDependencies = (
				0AF9B13E2ABEC000002F7F9F /* NewsApiNetworking */,
				0AA7327D2ACDAE52000A9A1F /* ComposableArchitecture */,
				0AD9CC6E2ACDFCEE00CE5314 /* UILib */,
			);
			productName = HW2;
			productReference = 0AF9B1112ABC34E8002F7F9F /* HW2.app */;
			productType = "com.apple.product-type.application";
		};
/* End PBXNativeTarget section */

/* Begin PBXProject section */
		0AF9B1092ABC34E8002F7F9F /* Project object */ = {
			isa = PBXProject;
			attributes = {
				BuildIndependentTargetsInParallel = 1;
				LastSwiftUpdateCheck = 1430;
				LastUpgradeCheck = 1430;
				TargetAttributes = {
					0AF9B1102ABC34E8002F7F9F = {
						CreatedOnToolsVersion = 14.3.1;
					};
				};
			};
			buildConfigurationList = 0AF9B10C2ABC34E8002F7F9F /* Build configuration list for PBXProject "HW2" */;
			compatibilityVersion = "Xcode 14.0";
			developmentRegion = en;
			hasScannedForEncodings = 0;
			knownRegions = (
				en,
				Base,
			);
			mainGroup = 0AF9B1082ABC34E8002F7F9F;
			packageReferences = (
				0AA7327C2ACDAE52000A9A1F /* XCRemoteSwiftPackageReference "swift-composable-architecture" */,
			);
			productRefGroup = 0AF9B1122ABC34E8002F7F9F /* Products */;
			projectDirPath = "";
			projectRoot = "";
			targets = (
				0AF9B1102ABC34E8002F7F9F /* HW2 */,
			);
		};
/* End PBXProject section */

/* Begin PBXResourcesBuildPhase section */
		0AF9B10F2ABC34E8002F7F9F /* Resources */ = {
			isa = PBXResourcesBuildPhase;
			buildActionMask = 2147483647;
			files = (
				0A469F5A2ACE001000BA00AB /* Preview Assets.xcassets in Resources */,
				0AF9B1192ABC34EB002F7F9F /* Assets.xcassets in Resources */,
			);
			runOnlyForDeploymentPostprocessing = 0;
		};
/* End PBXResourcesBuildPhase section */

/* Begin PBXSourcesBuildPhase section */
		0AF9B10D2ABC34E8002F7F9F /* Sources */ = {
			isa = PBXSourcesBuildPhase;
			buildActionMask = 2147483647;
			files = (
				0AF9B1252ABC3BFA002F7F9F /* MyListView.swift in Sources */,
				0A9A88062AC1A8B000CD3D3C /* LoadingModifier.swift in Sources */,
				0A8BBE6B2AC83CBE00E30632 /* IServiceLocator.swift in Sources */,
				0A9A880D2AC1CCFC00CD3D3C /* RandomAccessCollection+Identifieble.swift in Sources */,
				0AF9B12E2ABC6008002F7F9F /* NavigationItems.swift in Sources */,
				0ADA08C32ACE0ABD002E26A5 /* DetailAction.swift in Sources */,
				0AF9B13B2ABD4B3D002F7F9F /* CustomRow.swift in Sources */,
				0A8BBE6D2AC83DA400E30632 /* Configurator.swift in Sources */,
				0AF9B1302ABC6B52002F7F9F /* SecondView.swift in Sources */,
				0AF9B1172ABC34E8002F7F9F /* MainView.swift in Sources */,
				0AF9B1282ABC49C9002F7F9F /* NavigationStack.swift in Sources */,
				0AF9B1362ABD24B2002F7F9F /* PickerView.swift in Sources */,
				0ADA08C22ACE0ABD002E26A5 /* DetailEnvironment.swift in Sources */,
				0AF9B12A2ABC4C00002F7F9F /* NavigationStackViewModel.swift in Sources */,
				0ADA08C02ACE0ABD002E26A5 /* DetailReducer.swift in Sources */,
				0AF9B1342ABD1D3A002F7F9F /* ThirdView.swift in Sources */,
				0AF9B12C2ABC5FE0002F7F9F /* ScreenStack.swift in Sources */,
				0A8BBE722AC850E400E30632 /* LaureateService.swift in Sources */,
				0AF9B1152ABC34E8002F7F9F /* HW2App.swift in Sources */,
				0ADA08C12ACE0ABD002E26A5 /* DetailState.swift in Sources */,
				0A8BBE6F2AC84E5D00E30632 /* Injected.swift in Sources */,
				0AF9B1382ABD3043002F7F9F /* Enums.swift in Sources */,
				0AF9B1322ABD0D5D002F7F9F /* MainViewModel.swift in Sources */,
				0A8BBE682AC83B1D00E30632 /* ServiceLocator.swift in Sources */,
				0A9A880B2AC1CC5600CD3D3C /* LaureateDataSource.swift in Sources */,
			);
			runOnlyForDeploymentPostprocessing = 0;
		};
/* End PBXSourcesBuildPhase section */

/* Begin XCBuildConfiguration section */
		0AF9B11D2ABC34EB002F7F9F /* Debug */ = {
			isa = XCBuildConfiguration;
			buildSettings = {
				ALWAYS_SEARCH_USER_PATHS = NO;
				CLANG_ANALYZER_NONNULL = YES;
				CLANG_ANALYZER_NUMBER_OBJECT_CONVERSION = YES_AGGRESSIVE;
				CLANG_CXX_LANGUAGE_STANDARD = "gnu++20";
				CLANG_ENABLE_MODULES = YES;
				CLANG_ENABLE_OBJC_ARC = YES;
				CLANG_ENABLE_OBJC_WEAK = YES;
				CLANG_WARN_BLOCK_CAPTURE_AUTORELEASING = YES;
				CLANG_WARN_BOOL_CONVERSION = YES;
				CLANG_WARN_COMMA = YES;
				CLANG_WARN_CONSTANT_CONVERSION = YES;
				CLANG_WARN_DEPRECATED_OBJC_IMPLEMENTATIONS = YES;
				CLANG_WARN_DIRECT_OBJC_ISA_USAGE = YES_ERROR;
				CLANG_WARN_DOCUMENTATION_COMMENTS = YES;
				CLANG_WARN_EMPTY_BODY = YES;
				CLANG_WARN_ENUM_CONVERSION = YES;
				CLANG_WARN_INFINITE_RECURSION = YES;
				CLANG_WARN_INT_CONVERSION = YES;
				CLANG_WARN_NON_LITERAL_NULL_CONVERSION = YES;
				CLANG_WARN_OBJC_IMPLICIT_RETAIN_SELF = YES;
				CLANG_WARN_OBJC_LITERAL_CONVERSION = YES;
				CLANG_WARN_OBJC_ROOT_CLASS = YES_ERROR;
				CLANG_WARN_QUOTED_INCLUDE_IN_FRAMEWORK_HEADER = YES;
				CLANG_WARN_RANGE_LOOP_ANALYSIS = YES;
				CLANG_WARN_STRICT_PROTOTYPES = YES;
				CLANG_WARN_SUSPICIOUS_MOVE = YES;
				CLANG_WARN_UNGUARDED_AVAILABILITY = YES_AGGRESSIVE;
				CLANG_WARN_UNREACHABLE_CODE = YES;
				CLANG_WARN__DUPLICATE_METHOD_MATCH = YES;
				COPY_PHASE_STRIP = NO;
				DEBUG_INFORMATION_FORMAT = dwarf;
				ENABLE_STRICT_OBJC_MSGSEND = YES;
				ENABLE_TESTABILITY = YES;
				GCC_C_LANGUAGE_STANDARD = gnu11;
				GCC_DYNAMIC_NO_PIC = NO;
				GCC_NO_COMMON_BLOCKS = YES;
				GCC_OPTIMIZATION_LEVEL = 0;
				GCC_PREPROCESSOR_DEFINITIONS = (
					"DEBUG=1",
					"$(inherited)",
				);
				GCC_WARN_64_TO_32_BIT_CONVERSION = YES;
				GCC_WARN_ABOUT_RETURN_TYPE = YES_ERROR;
				GCC_WARN_UNDECLARED_SELECTOR = YES;
				GCC_WARN_UNINITIALIZED_AUTOS = YES_AGGRESSIVE;
				GCC_WARN_UNUSED_FUNCTION = YES;
				GCC_WARN_UNUSED_VARIABLE = YES;
				IPHONEOS_DEPLOYMENT_TARGET = 16.4;
				MTL_ENABLE_DEBUG_INFO = INCLUDE_SOURCE;
				MTL_FAST_MATH = YES;
				ONLY_ACTIVE_ARCH = YES;
				SDKROOT = iphoneos;
				SWIFT_ACTIVE_COMPILATION_CONDITIONS = DEBUG;
				SWIFT_OPTIMIZATION_LEVEL = "-Onone";
			};
			name = Debug;
		};
		0AF9B11E2ABC34EB002F7F9F /* Release */ = {
			isa = XCBuildConfiguration;
			buildSettings = {
				ALWAYS_SEARCH_USER_PATHS = NO;
				CLANG_ANALYZER_NONNULL = YES;
				CLANG_ANALYZER_NUMBER_OBJECT_CONVERSION = YES_AGGRESSIVE;
				CLANG_CXX_LANGUAGE_STANDARD = "gnu++20";
				CLANG_ENABLE_MODULES = YES;
				CLANG_ENABLE_OBJC_ARC = YES;
				CLANG_ENABLE_OBJC_WEAK = YES;
				CLANG_WARN_BLOCK_CAPTURE_AUTORELEASING = YES;
				CLANG_WARN_BOOL_CONVERSION = YES;
				CLANG_WARN_COMMA = YES;
				CLANG_WARN_CONSTANT_CONVERSION = YES;
				CLANG_WARN_DEPRECATED_OBJC_IMPLEMENTATIONS = YES;
				CLANG_WARN_DIRECT_OBJC_ISA_USAGE = YES_ERROR;
				CLANG_WARN_DOCUMENTATION_COMMENTS = YES;
				CLANG_WARN_EMPTY_BODY = YES;
				CLANG_WARN_ENUM_CONVERSION = YES;
				CLANG_WARN_INFINITE_RECURSION = YES;
				CLANG_WARN_INT_CONVERSION = YES;
				CLANG_WARN_NON_LITERAL_NULL_CONVERSION = YES;
				CLANG_WARN_OBJC_IMPLICIT_RETAIN_SELF = YES;
				CLANG_WARN_OBJC_LITERAL_CONVERSION = YES;
				CLANG_WARN_OBJC_ROOT_CLASS = YES_ERROR;
				CLANG_WARN_QUOTED_INCLUDE_IN_FRAMEWORK_HEADER = YES;
				CLANG_WARN_RANGE_LOOP_ANALYSIS = YES;
				CLANG_WARN_STRICT_PROTOTYPES = YES;
				CLANG_WARN_SUSPICIOUS_MOVE = YES;
				CLANG_WARN_UNGUARDED_AVAILABILITY = YES_AGGRESSIVE;
				CLANG_WARN_UNREACHABLE_CODE = YES;
				CLANG_WARN__DUPLICATE_METHOD_MATCH = YES;
				COPY_PHASE_STRIP = NO;
				DEBUG_INFORMATION_FORMAT = "dwarf-with-dsym";
				ENABLE_NS_ASSERTIONS = NO;
				ENABLE_STRICT_OBJC_MSGSEND = YES;
				GCC_C_LANGUAGE_STANDARD = gnu11;
				GCC_NO_COMMON_BLOCKS = YES;
				GCC_WARN_64_TO_32_BIT_CONVERSION = YES;
				GCC_WARN_ABOUT_RETURN_TYPE = YES_ERROR;
				GCC_WARN_UNDECLARED_SELECTOR = YES;
				GCC_WARN_UNINITIALIZED_AUTOS = YES_AGGRESSIVE;
				GCC_WARN_UNUSED_FUNCTION = YES;
				GCC_WARN_UNUSED_VARIABLE = YES;
				IPHONEOS_DEPLOYMENT_TARGET = 16.4;
				MTL_ENABLE_DEBUG_INFO = NO;
				MTL_FAST_MATH = YES;
				SDKROOT = iphoneos;
				SWIFT_COMPILATION_MODE = wholemodule;
				SWIFT_OPTIMIZATION_LEVEL = "-O";
				VALIDATE_PRODUCT = YES;
			};
			name = Release;
		};
		0AF9B1202ABC34EB002F7F9F /* Debug */ = {
			isa = XCBuildConfiguration;
			buildSettings = {
				ASSETCATALOG_COMPILER_APPICON_NAME = AppIcon;
				ASSETCATALOG_COMPILER_GLOBAL_ACCENT_COLOR_NAME = AccentColor;
				CODE_SIGN_STYLE = Automatic;
				CURRENT_PROJECT_VERSION = 1;
				DEVELOPMENT_ASSET_PATHS = "\"HW2/Sources/Preview Content\"";
				DEVELOPMENT_TEAM = 4N684VBLPX;
				ENABLE_PREVIEWS = YES;
				GENERATE_INFOPLIST_FILE = YES;
				INFOPLIST_FILE = HW2/Sources/Info.plist;
				INFOPLIST_KEY_UIApplicationSceneManifest_Generation = YES;
				INFOPLIST_KEY_UIApplicationSupportsIndirectInputEvents = YES;
				INFOPLIST_KEY_UILaunchScreen_Generation = YES;
				INFOPLIST_KEY_UISupportedInterfaceOrientations_iPad = "UIInterfaceOrientationPortrait UIInterfaceOrientationPortraitUpsideDown UIInterfaceOrientationLandscapeLeft UIInterfaceOrientationLandscapeRight";
				INFOPLIST_KEY_UISupportedInterfaceOrientations_iPhone = "UIInterfaceOrientationPortrait UIInterfaceOrientationLandscapeLeft UIInterfaceOrientationLandscapeRight";
				LD_RUNPATH_SEARCH_PATHS = (
					"$(inherited)",
					"@executable_path/Frameworks",
				);
				MARKETING_VERSION = 1.0;
				PRODUCT_BUNDLE_IDENTIFIER = "com.Dimon7-tr.hw2.HW2";
				PRODUCT_NAME = "$(TARGET_NAME)";
				SWIFT_EMIT_LOC_STRINGS = YES;
				SWIFT_VERSION = 5.0;
				TARGETED_DEVICE_FAMILY = "1,2";
			};
			name = Debug;
		};
		0AF9B1212ABC34EB002F7F9F /* Release */ = {
			isa = XCBuildConfiguration;
			buildSettings = {
				ASSETCATALOG_COMPILER_APPICON_NAME = AppIcon;
				ASSETCATALOG_COMPILER_GLOBAL_ACCENT_COLOR_NAME = AccentColor;
				CODE_SIGN_STYLE = Automatic;
				CURRENT_PROJECT_VERSION = 1;
				DEVELOPMENT_ASSET_PATHS = "\"HW2/Sources/Preview Content\"";
				DEVELOPMENT_TEAM = 4N684VBLPX;
				ENABLE_PREVIEWS = YES;
				GENERATE_INFOPLIST_FILE = YES;
				INFOPLIST_FILE = HW2/Sources/Info.plist;
				INFOPLIST_KEY_UIApplicationSceneManifest_Generation = YES;
				INFOPLIST_KEY_UIApplicationSupportsIndirectInputEvents = YES;
				INFOPLIST_KEY_UILaunchScreen_Generation = YES;
				INFOPLIST_KEY_UISupportedInterfaceOrientations_iPad = "UIInterfaceOrientationPortrait UIInterfaceOrientationPortraitUpsideDown UIInterfaceOrientationLandscapeLeft UIInterfaceOrientationLandscapeRight";
				INFOPLIST_KEY_UISupportedInterfaceOrientations_iPhone = "UIInterfaceOrientationPortrait UIInterfaceOrientationLandscapeLeft UIInterfaceOrientationLandscapeRight";
				LD_RUNPATH_SEARCH_PATHS = (
					"$(inherited)",
					"@executable_path/Frameworks",
				);
				MARKETING_VERSION = 1.0;
				PRODUCT_BUNDLE_IDENTIFIER = "com.Dimon7-tr.hw2.HW2";
				PRODUCT_NAME = "$(TARGET_NAME)";
				SWIFT_EMIT_LOC_STRINGS = YES;
				SWIFT_VERSION = 5.0;
				TARGETED_DEVICE_FAMILY = "1,2";
			};
			name = Release;
		};
/* End XCBuildConfiguration section */

/* Begin XCConfigurationList section */
		0AF9B10C2ABC34E8002F7F9F /* Build configuration list for PBXProject "HW2" */ = {
			isa = XCConfigurationList;
			buildConfigurations = (
				0AF9B11D2ABC34EB002F7F9F /* Debug */,
				0AF9B11E2ABC34EB002F7F9F /* Release */,
			);
			defaultConfigurationIsVisible = 0;
			defaultConfigurationName = Release;
		};
		0AF9B11F2ABC34EB002F7F9F /* Build configuration list for PBXNativeTarget "HW2" */ = {
			isa = XCConfigurationList;
			buildConfigurations = (
				0AF9B1202ABC34EB002F7F9F /* Debug */,
				0AF9B1212ABC34EB002F7F9F /* Release */,
			);
			defaultConfigurationIsVisible = 0;
			defaultConfigurationName = Release;
		};
/* End XCConfigurationList section */

/* Begin XCRemoteSwiftPackageReference section */
		0AA7327C2ACDAE52000A9A1F /* XCRemoteSwiftPackageReference "swift-composable-architecture" */ = {
			isa = XCRemoteSwiftPackageReference;
			repositoryURL = "https://github.com/pointfreeco/swift-composable-architecture";
			requirement = {
				kind = upToNextMajorVersion;
				minimumVersion = 1.0.0;
			};
		};
/* End XCRemoteSwiftPackageReference section */

/* Begin XCSwiftPackageProductDependency section */
		0AA7327D2ACDAE52000A9A1F /* ComposableArchitecture */ = {
			isa = XCSwiftPackageProductDependency;
			package = 0AA7327C2ACDAE52000A9A1F /* XCRemoteSwiftPackageReference "swift-composable-architecture" */;
			productName = ComposableArchitecture;
		};
		0AD9CC6E2ACDFCEE00CE5314 /* UILib */ = {
			isa = XCSwiftPackageProductDependency;
			productName = UILib;
		};
		0AF9B13E2ABEC000002F7F9F /* NewsApiNetworking */ = {
			isa = XCSwiftPackageProductDependency;
			productName = NewsApiNetworking;
		};
/* End XCSwiftPackageProductDependency section */
	};
	rootObject = 0AF9B1092ABC34E8002F7F9F /* Project object */;
}
